
Microsoft Visual Studio Solution File, Format Version 12.00
# Visual Studio Version 16
VisualStudioVersion = 16.0.29025.244
MinimumVisualStudioVersion = 10.0.40219.1
Project("{FAE04EC0-301F-11D3-BF4B-00C04F79EFBC}") = "ChatRoomClient", "ChatRoomClient\ChatRoomClient.csproj", "{9A801B89-FB08-41E5-BEA1-A60A727EAA9D}"
EndProject
Global
	GlobalSection(SolutionConfigurationPlatforms) = preSolution
		Debug|Any CPU = Debug|Any CPU
		Release|Any CPU = Release|Any CPU
	EndGlobalSection
	GlobalSection(ProjectConfigurationPlatforms) = postSolution
		{9A801B89-FB08-41E5-BEA1-A60A727EAA9D}.Debug|Any CPU.ActiveCfg = Debug|Any CPU
		{9A801B89-FB08-41E5-BEA1-A60A727EAA9D}.Debug|Any CPU.Build.0 = Debug|Any CPU
		{9A801B89-FB08-41E5-BEA1-A60A727EAA9D}.Release|Any CPU.ActiveCfg = Release|Any CPU
		{9A801B89-FB08-41E5-BEA1-A60A727EAA9D}.Release|Any CPU.Build.0 = Release|Any CPU
	EndGlobalSection
	GlobalSection(SolutionProperties) = preSolution
		HideSolutionNode = FALSE
	EndGlobalSection
	GlobalSection(ExtensibilityGlobals) = postSolution
		SolutionGuid = {F98E23B7-DED4-4D3F-B82E-493C91D0CA8F}
	EndGlobalSection
EndGlobal
